
Microsoft Visual Studio Solution File, Format Version 12.00
# Visual Studio Version 17
VisualStudioVersion = 17.2.32616.157
MinimumVisualStudioVersion = 10.0.40219.1
Project("{FAE04EC0-301F-11D3-BF4B-00C04F79EFBC}") = "AssignmentDay3", "AssignmentDay3\AssignmentDay3.csproj", "{B1B1132D-898D-46B2-A9F5-71E65DFD5622}"
EndProject
Global
	GlobalSection(SolutionConfigurationPlatforms) = preSolution
		Debug|Any CPU = Debug|Any CPU
		Release|Any CPU = Release|Any CPU
	EndGlobalSection
	GlobalSection(ProjectConfigurationPlatforms) = postSolution
		{B1B1132D-898D-46B2-A9F5-71E65DFD5622}.Debug|Any CPU.ActiveCfg = Debug|Any CPU
		{B1B1132D-898D-46B2-A9F5-71E65DFD5622}.Debug|Any CPU.Build.0 = Debug|Any CPU
		{B1B1132D-898D-46B2-A9F5-71E65DFD5622}.Release|Any CPU.ActiveCfg = Release|Any CPU
		{B1B1132D-898D-46B2-A9F5-71E65DFD5622}.Release|Any CPU.Build.0 = Release|Any CPU
	EndGlobalSection
	GlobalSection(SolutionProperties) = preSolution
		HideSolutionNode = FALSE
	EndGlobalSection
	GlobalSection(ExtensibilityGlobals) = postSolution
		SolutionGuid = {60F98E0D-B704-45D0-A61B-F5C5D9BCCA0B}
	EndGlobalSection
EndGlobal
